<?xml version="1.0" encoding="utf-8"?>
<Project ToolsVersion="4.0" xmlns="http://schemas.microsoft.com/developer/msbuild/2003">
  <ItemGroup>
    <Filter Include="Source Files">
      <UniqueIdentifier>{4FC737F1-C7A5-4376-A066-2A32D752A2FF}</UniqueIdentifier>
      <Extensions>cpp;c;cxx;def;odl;idl;hpj;bat;asm;asmx</Extensions>
    </Filter>
    <Filter Include="library">
      <UniqueIdentifier>{61351c7b-6f1a-4e53-9cb4-95c3777f68e2}</UniqueIdentifier>
    </Filter>
    <Filter Include="Source Files\game">
      <UniqueIdentifier>{426d04be-102b-4d1b-9323-caf99ae7c944}</UniqueIdentifier>
    </Filter>
    <Filter Include="Source Files\actor">
      <UniqueIdentifier>{4ec5ab22-c02d-4ad0-9933-90acff5c15e4}</UniqueIdentifier>
    </Filter>
    <Filter Include="Source Files\util">
      <UniqueIdentifier>{1deb3985-9d5f-4d3a-89f5-6b02cab76720}</UniqueIdentifier>
    </Filter>
    <Filter Include="Source Files\widget">
      <UniqueIdentifier>{d2e77840-43bf-445a-be8a-03f6271178c5}</UniqueIdentifier>
    </Filter>
  </ItemGroup>
  <ItemGroup>
    <ClCompile Include="lib\leetlib.cpp">
      <Filter>library</Filter>
    </ClCompile>
    <ClCompile Include="src\game\SpaceInvadersGame.cpp">
      <Filter>Source Files\game</Filter>
    </ClCompile>
    <ClCompile Include="src\actor\Alien.cpp">
      <Filter>Source Files\actor</Filter>
    </ClCompile>
    <ClCompile Include="src\actor\Bullet.cpp">
      <Filter>Source Files\actor</Filter>
    </ClCompile>
    <ClCompile Include="src\actor\PlayerShip.cpp">
      <Filter>Source Files\actor</Filter>
    </ClCompile>
    <ClCompile Include="src\util\SkinLoader.cpp">
      <Filter>Source Files\util</Filter>
    </ClCompile>
    <ClCompile Include="src\widget\TextWidget.cpp">
      <Filter>Source Files\widget</Filter>
    </ClCompile>
    <ClCompile Include="src\util\Font.cpp">
      <Filter>Source Files\util</Filter>
    </ClCompile>
    <ClCompile Include="src\widget\WidgetScreen.cpp">
      <Filter>Source Files\widget</Filter>
    </ClCompile>
    <ClCompile Include="src\game\SpaceBattle.cpp">
      <Filter>Source Files\game</Filter>
    </ClCompile>
    <ClCompile Include="src\game\SpaceBattleWidgets.cpp">
      <Filter>Source Files\game</Filter>
    </ClCompile>
    <ClCompile Include="src\game\HighScore.cpp">
      <Filter>Source Files\game</Filter>
    </ClCompile>
    <ClCompile Include="src\util\JukeBox.cpp">
      <Filter>Source Files\util</Filter>
    </ClCompile>
    <ClCompile Include="src\actor\Explosion.cpp">
      <Filter>Source Files\actor</Filter>
    </ClCompile>
    <ClCompile Include="src\actor\SkinGameActor.cpp">
      <Filter>Source Files\actor</Filter>
    </ClCompile>
    <ClCompile Include="src\actor\AnimatedGameActor.cpp">
      <Filter>Source Files\actor</Filter>
    </ClCompile>
    <ClCompile Include="src\game\GameEngine.cpp">
      <Filter>Source Files\game</Filter>
    </ClCompile>
  </ItemGroup>
  <ItemGroup>
    <ClInclude Include="lib\leetlib.h">
      <Filter>library</Filter>
    </ClInclude>
    <ClInclude Include="src\game\GameActor.h">
      <Filter>Source Files\game</Filter>
    </ClInclude>
    <ClInclude Include="src\game\SpaceInvadersGame.h">
      <Filter>Source Files\game</Filter>
    </ClInclude>
    <ClInclude Include="src\actor\Alien.h">
      <Filter>Source Files\actor</Filter>
    </ClInclude>
    <ClInclude Include="src\actor\Bullet.h">
      <Filter>Source Files\actor</Filter>
    </ClInclude>
    <ClInclude Include="src\actor\PlayerShip.h">
      <Filter>Source Files\actor</Filter>
    </ClInclude>
    <ClInclude Include="src\util\SkinLoader.h">
      <Filter>Source Files\util</Filter>
    </ClInclude>
    <ClInclude Include="src\util\Vector.h">
      <Filter>Source Files\util</Filter>
    </ClInclude>
    <ClInclude Include="src\widget\TextWidget.h">
      <Filter>Source Files\widget</Filter>
    </ClInclude>
    <ClInclude Include="src\util\Font.h">
      <Filter>Source Files\util</Filter>
    </ClInclude>
    <ClInclude Include="src\game\GameStats.h">
      <Filter>Source Files\game</Filter>
    </ClInclude>
    <ClInclude Include="src\widget\WidgetScreen.h">
      <Filter>Source Files\widget</Filter>
    </ClInclude>
    <ClInclude Include="src\game\SpaceBattle.h">
      <Filter>Source Files\game</Filter>
    </ClInclude>
    <ClInclude Include="src\game\SpaceBattleWidgets.h">
      <Filter>Source Files\game</Filter>
    </ClInclude>
    <ClInclude Include="src\game\HighScore.h">
      <Filter>Source Files\game</Filter>
    </ClInclude>
    <ClInclude Include="src\util\JukeBox.h">
      <Filter>Source Files\util</Filter>
    </ClInclude>
    <ClInclude Include="src\actor\Explosion.h">
      <Filter>Source Files\actor</Filter>
    </ClInclude>
    <ClInclude Include="src\game\Drawable.h">
      <Filter>Source Files\game</Filter>
    </ClInclude>
    <ClInclude Include="src\actor\SkinGameActor.h">
      <Filter>Source Files\actor</Filter>
    </ClInclude>
    <ClInclude Include="src\actor\AnimatedGameActor.h">
      <Filter>Source Files\actor</Filter>
    </ClInclude>
    <ClInclude Include="src\game\GameEngine.h">
      <Filter>Source Files\game</Filter>
    </ClInclude>
    <ClInclude Include="src\actor\SpaceBattleActor.h">
      <Filter>Source Files\actor</Filter>
    </ClInclude>
  </ItemGroup>
</Project>